{
	"name": "site-content",
	"version": "3.15.0",
	"lockfileVersion": 1,
	"requires": true,
	"dependencies": {
		"@sap/portal-cf-content-deployer": {
			"version": "4.20.0-20220206072628",
			"resolved": "https://registry.npmjs.org/@sap/portal-cf-content-deployer/-/portal-cf-content-deployer-4.20.0-20220206072628.tgz",
			"integrity": "sha512-qMzPsik8WfBPrDYVUopPhcNPhR5ZPJUHGPszFgWNeAxRx4FAYi8MzwB3zA9MbkXAjKEAbSQ0fstkYYm0UpE4ag==",
			"requires": {
				"@sap/xsenv": "3.1.0",
				"axios": "0.25.0",
				"form-data": "3.0.0",
				"glob": "7.1.6",
				"jszip": "3.7.0",
				"rimraf": "3.0.2"
			},
			"dependencies": {
				"@sap/xsenv": {
					"version": "3.1.0",
					"resolved": "https://registry.npmjs.org/@sap/xsenv/-/xsenv-3.1.0.tgz",
					"integrity": "sha512-Z+fwO13tcad+eoe8iTrbR471OacU754puabhRn8OI1MU2pPebDQu8rcHN7sR9JQinh4dSs953WkbDneOmvCWuA==",
					"requires": {
						"debug": "3.1.0",
						"verror": "1.10.0"
					},
					"dependencies": {
						"assert-plus": {
							"version": "1.0.0",
							"resolved": "http://nginx-redirector.repo-cache.svc.cluster.local/repository/appstudio-npm-group/assert-plus/-/assert-plus-1.0.0.tgz",
							"integrity": "sha512-NfJ4UzBCcQGLDlQq7nHxH+tv3kyZ0hHQqF5BO6J7tNJeP5do1llPr8dZ8zHonfhAu0PHAdMkSo+8o0wxg9lZWw=="
						},
						"core-util-is": {
							"version": "1.0.2",
							"resolved": "http://nginx-redirector.repo-cache.svc.cluster.local/repository/appstudio-npm-group/core-util-is/-/core-util-is-1.0.2.tgz",
							"integrity": "sha512-3lqz5YjWTYnW6dlDa5TLaTCcShfar1e40rmcJVwCBJC6mWlFuj0eCHIElmG1g5kyuJ/GD+8Wn4FFCcz4gJPfaQ=="
						},
						"debug": {
							"version": "3.1.0",
							"resolved": "http://nginx-redirector.repo-cache.svc.cluster.local/repository/appstudio-npm-group/debug/-/debug-3.1.0.tgz",
							"integrity": "sha512-OX8XqP7/1a9cqkxYw2yXss15f26NKWBpDXQd0/uK/KPqdQhxbPa994hnzjcE2VqQpDslf55723cKPUOGSmMY3g==",
							"requires": {
								"ms": "2.0.0"
							}
						},
						"extsprintf": {
							"version": "1.4.0",
							"resolved": "http://nginx-redirector.repo-cache.svc.cluster.local/repository/appstudio-npm-group/extsprintf/-/extsprintf-1.4.0.tgz",
							"integrity": "sha512-6NW8DZ8pWBc5NbGYUiqqccj9dXnuSzilZYqprdKJBZsQodGH9IyUoFOGxIWVDcBzHMb8ET24aqx9p66tZEWZkA=="
						},
						"ms": {
							"version": "2.0.0",
							"resolved": "http://nginx-redirector.repo-cache.svc.cluster.local/repository/appstudio-npm-group/ms/-/ms-2.0.0.tgz",
							"integrity": "sha512-Tpp60P6IUJDTuOq/5Z8cdskzJujfwqfOTkrwIwj7IRISpnkJnT6SyJ4PCPnGMoFjC9ddhal5KVIYtAt97ix05A=="
						},
						"verror": {
							"version": "1.10.0",
							"resolved": "http://nginx-redirector.repo-cache.svc.cluster.local/repository/appstudio-npm-group/verror/-/verror-1.10.0.tgz",
							"integrity": "sha1-OhBcoXBTr1XW4nDB+CiGguGNpAA=",
							"requires": {
								"assert-plus": "^1.0.0",
								"core-util-is": "1.0.2",
								"extsprintf": "^1.2.0"
							}
						}
					}
				},
				"asynckit": {
					"version": "0.4.0",
					"resolved": "http://nginx-redirector.repo-cache.svc.cluster.local/repository/appstudio-npm-group/asynckit/-/asynckit-0.4.0.tgz",
					"integrity": "sha512-Oei9OH4tRh0YqU3GxhX79dM/mwVgvbZJaSNaRk+bshkj0S5cfHcgYakreBjrHwatXKbz+IoIdYLxrKim2MjW0Q=="
				},
				"axios": {
					"version": "0.25.0",
					"resolved": "http://nginx-redirector.repo-cache.svc.cluster.local/repository/appstudio-npm-group/axios/-/axios-0.25.0.tgz",
					"integrity": "sha512-cD8FOb0tRH3uuEe6+evtAbgJtfxr7ly3fQjYcMcuPlgkwVS9xboaVIpcDV+cYQe+yGykgwZCs1pzjntcGa6l5g==",
					"requires": {
						"follow-redirects": "^1.14.7"
					}
				},
				"balanced-match": {
					"version": "1.0.2",
					"resolved": "https://registry.npmjs.org/balanced-match/-/balanced-match-1.0.2.tgz",
					"integrity": "sha512-3oSeUO0TMV67hN1AmbXsK4yaqU7tjiHlbxRDZOpH0KW9+CeX4bRAaX0Anxt0tx2MrpRpWwQaPwIlISEJhYU5Pw=="
				},
				"brace-expansion": {
					"version": "1.1.11",
					"resolved": "https://registry.npmjs.org/brace-expansion/-/brace-expansion-1.1.11.tgz",
					"integrity": "sha512-iCuPHDFgrHX7H2vEI/5xpz07zSHB00TpugqhmYtVmMO6518mCuRMoOYFldEBl0g187ufozdaHgWKcYFb61qGiA==",
					"requires": {
						"balanced-match": "^1.0.0",
						"concat-map": "0.0.1"
					}
				},
				"combined-stream": {
					"version": "1.0.8",
					"resolved": "http://nginx-redirector.repo-cache.svc.cluster.local/repository/appstudio-npm-group/combined-stream/-/combined-stream-1.0.8.tgz",
					"integrity": "sha512-FQN4MRfuJeHf7cBbBMJFXhKSDq+2kAArBlmRBvcvFE5BB1HZKXtSFASDhdlz9zOYwxh8lDdnvmMOe/+5cdoEdg==",
					"requires": {
						"delayed-stream": "~1.0.0"
					}
				},
				"concat-map": {
					"version": "0.0.1",
					"resolved": "http://nginx-redirector.repo-cache.svc.cluster.local/repository/appstudio-npm-group/concat-map/-/concat-map-0.0.1.tgz",
					"integrity": "sha512-/Srv4dswyQNBfohGpz9o6Yb3Gz3SrUDqBH5rTuhGR7ahtlbYKnVxw2bCFMRljaA7EXHaXZ8wsHdodFvbkhKmqg=="
				},
				"core-util-is": {
					"version": "1.0.3",
					"resolved": "http://nginx-redirector.repo-cache.svc.cluster.local/repository/appstudio-npm-group/core-util-is/-/core-util-is-1.0.3.tgz",
					"integrity": "sha512-ZQBvi1DcpJ4GDqanjucZ2Hj3wEO5pZDS89BWbkcrvdxksJorwUDDZamX9ldFkp9aw2lmBDLgkObEA4DWNJ9FYQ=="
				},
				"delayed-stream": {
					"version": "1.0.0",
					"resolved": "http://nginx-redirector.repo-cache.svc.cluster.local/repository/appstudio-npm-group/delayed-stream/-/delayed-stream-1.0.0.tgz",
					"integrity": "sha512-ZySD7Nf91aLB0RxL4KGrKHBXl7Eds1DAmEdcoVawXnLD7SDhpNgtuII2aAkg7a7QS41jxPSZ17p4VdGnMHk3MQ=="
				},
				"follow-redirects": {
					"version": "1.14.7",
					"resolved": "http://nginx-redirector.repo-cache.svc.cluster.local/repository/appstudio-npm-group/follow-redirects/-/follow-redirects-1.14.7.tgz",
					"integrity": "sha512-+hbxoLbFMbRKDwohX8GkTataGqO6Jb7jGwpAlwgy2bIz25XtRm7KEzJM76R1WiNT5SwZkX4Y75SwBolkpmE7iQ=="
				},
				"form-data": {
					"version": "3.0.0",
					"resolved": "http://nginx-redirector.repo-cache.svc.cluster.local/repository/appstudio-npm-group/form-data/-/form-data-3.0.0.tgz",
					"integrity": "sha512-CKMFDglpbMi6PyN+brwB9Q/GOw0eAnsrEZDgcsH5Krhz5Od/haKHAX0NmQfha2zPPz0JpWzA7GJHGSnvCRLWsg==",
					"requires": {
						"asynckit": "^0.4.0",
						"combined-stream": "^1.0.8",
						"mime-types": "^2.1.12"
					}
				},
				"fs.realpath": {
					"version": "1.0.0",
					"resolved": "http://nginx-redirector.repo-cache.svc.cluster.local/repository/appstudio-npm-group/fs.realpath/-/fs.realpath-1.0.0.tgz",
					"integrity": "sha512-OO0pH2lK6a0hZnAdau5ItzHPI6pUlvI7jMVnxUQRtw4owF2wk8lOSabtGDCTP4Ggrg2MbGnWO9X8K1t4+fGMDw=="
				},
				"glob": {
					"version": "7.1.6",
					"resolved": "http://nginx-redirector.repo-cache.svc.cluster.local/repository/appstudio-npm-group/glob/-/glob-7.1.6.tgz",
					"integrity": "sha512-LwaxwyZ72Lk7vZINtNNrywX0ZuLyStrdDtabefZKAY5ZGJhVtgdznluResxNmPitE0SAO+O26sWTHeKSI2wMBA==",
					"requires": {
						"fs.realpath": "^1.0.0",
						"inflight": "^1.0.4",
						"inherits": "2",
						"minimatch": "^3.0.4",
						"once": "^1.3.0",
						"path-is-absolute": "^1.0.0"
					}
				},
				"immediate": {
					"version": "3.0.6",
					"resolved": "http://nginx-redirector.repo-cache.svc.cluster.local/repository/appstudio-npm-group/immediate/-/immediate-3.0.6.tgz",
					"integrity": "sha512-XXOFtyqDjNDAQxVfYxuF7g9Il/IbWmmlQg2MYKOH8ExIT1qg6xc4zyS3HaEEATgs1btfzxq15ciUiY7gjSXRGQ=="
				},
				"inflight": {
					"version": "1.0.6",
					"resolved": "https://registry.npmjs.org/inflight/-/inflight-1.0.6.tgz",
					"integrity": "sha512-k92I/b08q4wvFscXCLvqfsHCrjrF7yiXsQuIVvVE7N82W3+aqpzuUdBbfhWcy/FZR3/4IgflMgKLOsvPDrGCJA==",
					"requires": {
						"once": "^1.3.0",
						"wrappy": "1"
					}
				},
				"inherits": {
					"version": "2.0.4",
					"resolved": "http://nginx-redirector.repo-cache.svc.cluster.local/repository/appstudio-npm-group/inherits/-/inherits-2.0.4.tgz",
					"integrity": "sha512-k/vGaX4/Yla3WzyMCvTQOXYeIHvqOKtnqBduzTHpzpQZzAskKMhZ2K+EnBiSM9zGSoIFeMpXKxa4dYeZIQqewQ=="
				},
				"isarray": {
					"version": "1.0.0",
					"resolved": "http://nginx-redirector.repo-cache.svc.cluster.local/repository/appstudio-npm-group/isarray/-/isarray-1.0.0.tgz",
					"integrity": "sha512-VLghIWNM6ELQzo7zwmcg0NmTVyWKYjvIeM83yjp0wRDTmUnrM678fQbcKBo6n2CJEF0szoG//ytg+TKla89ALQ=="
				},
				"jszip": {
					"version": "3.7.0",
					"resolved": "https://registry.npmjs.org/jszip/-/jszip-3.7.0.tgz",
					"integrity": "sha512-Y2OlFIzrDOPWUnpU0LORIcDn2xN7rC9yKffFM/7pGhQuhO+SUhfm2trkJ/S5amjFvem0Y+1EALz/MEPkvHXVNw==",
					"requires": {
						"lie": "~3.3.0",
						"pako": "~1.0.2",
						"readable-stream": "~2.3.6",
						"set-immediate-shim": "~1.0.1"
					}
				},
				"lie": {
					"version": "3.3.0",
					"resolved": "http://nginx-redirector.repo-cache.svc.cluster.local/repository/appstudio-npm-group/lie/-/lie-3.3.0.tgz",
					"integrity": "sha512-UaiMJzeWRlEujzAuw5LokY1L5ecNQYZKfmyZ9L7wDHb/p5etKaxXhohBcrw0EYby+G/NA52vRSN4N39dxHAIwQ==",
					"requires": {
						"immediate": "~3.0.5"
					}
				},
				"mime-db": {
					"version": "1.51.0",
					"resolved": "http://nginx-redirector.repo-cache.svc.cluster.local/repository/appstudio-npm-group/mime-db/-/mime-db-1.51.0.tgz",
					"integrity": "sha512-5y8A56jg7XVQx2mbv1lu49NR4dokRnhZYTtL+KGfaa27uq4pSTXkwQkFJl4pkRMyNFz/EtYDSkiiEHx3F7UN6g=="
				},
				"mime-types": {
					"version": "2.1.34",
					"resolved": "http://nginx-redirector.repo-cache.svc.cluster.local/repository/appstudio-npm-group/mime-types/-/mime-types-2.1.34.tgz",
					"integrity": "sha512-6cP692WwGIs9XXdOO4++N+7qjqv0rqxxVvJ3VHPh/Sc9mVZcQP+ZGhkKiTvWMQRr2tbHkJP/Yn7Y0npb3ZBs4A==",
					"requires": {
						"mime-db": "1.51.0"
					}
				},
				"minimatch": {
					"version": "3.0.4",
					"resolved": "https://registry.npmjs.org/minimatch/-/minimatch-3.0.4.tgz",
					"integrity": "sha512-yJHVQEhyqPLUTgt9B83PXu6W3rx4MvvHvSUvToogpwoGDOUQ+yDrR0HRot+yOCdCO7u4hX3pWft6kWBBcqh0UA==",
					"requires": {
						"brace-expansion": "^1.1.7"
					}
				},
				"once": {
					"version": "1.4.0",
					"resolved": "http://nginx-redirector.repo-cache.svc.cluster.local/repository/appstudio-npm-group/once/-/once-1.4.0.tgz",
					"integrity": "sha512-lNaJgI+2Q5URQBkccEKHTQOPaXdUxnZZElQTZY0MFUAuaEqe1E+Nyvgdz/aIyNi6Z9MzO5dv1H8n58/GELp3+w==",
					"requires": {
						"wrappy": "1"
					}
				},
				"pako": {
					"version": "1.0.11",
					"resolved": "http://nginx-redirector.repo-cache.svc.cluster.local/repository/appstudio-npm-group/pako/-/pako-1.0.11.tgz",
					"integrity": "sha512-4hLB8Py4zZce5s4yd9XzopqwVv/yGNhV1Bl8NTmCq1763HeK2+EwVTv+leGeL13Dnh2wfbqowVPXCIO0z4taYw=="
				},
				"path-is-absolute": {
					"version": "1.0.1",
					"resolved": "https://registry.npmjs.org/path-is-absolute/-/path-is-absolute-1.0.1.tgz",
					"integrity": "sha512-AVbw3UJ2e9bq64vSaS9Am0fje1Pa8pbGqTTsmXfaIiMpnr5DlDhfJOuLj9Sf95ZPVDAUerDfEk88MPmPe7UCQg=="
				},
				"process-nextick-args": {
					"version": "2.0.1",
					"resolved": "https://registry.npmjs.org/process-nextick-args/-/process-nextick-args-2.0.1.tgz",
					"integrity": "sha512-3ouUOpQhtgrbOa17J7+uxOTpITYWaGP7/AhoR3+A+/1e9skrzelGi/dXzEYyvbxubEF6Wn2ypscTKiKJFFn1ag=="
				},
				"readable-stream": {
					"version": "2.3.7",
					"resolved": "http://nginx-redirector.repo-cache.svc.cluster.local/repository/appstudio-npm-group/readable-stream/-/readable-stream-2.3.7.tgz",
					"integrity": "sha512-Ebho8K4jIbHAxnuxi7o42OrZgF/ZTNcsZj6nRKyUmkhLFq8CHItp/fy6hQZuZmP/n3yZ9VBUbp4zz/mX8hmYPw==",
					"requires": {
						"core-util-is": "~1.0.0",
						"inherits": "~2.0.3",
						"isarray": "~1.0.0",
						"process-nextick-args": "~2.0.0",
						"safe-buffer": "~5.1.1",
						"string_decoder": "~1.1.1",
						"util-deprecate": "~1.0.1"
					}
				},
				"rimraf": {
					"version": "3.0.2",
					"resolved": "http://nginx-redirector.repo-cache.svc.cluster.local/repository/appstudio-npm-group/rimraf/-/rimraf-3.0.2.tgz",
					"integrity": "sha512-JZkJMZkAGFFPP2YqXZXPbMlMBgsxzE8ILs4lMIX/2o0L9UBw9O/Y3o6wFw/i9YLapcUJWwqbi3kdxIPdC62TIA==",
					"requires": {
						"glob": "^7.1.3"
					}
				},
				"safe-buffer": {
					"version": "5.1.2",
					"resolved": "http://nginx-redirector.repo-cache.svc.cluster.local/repository/appstudio-npm-group/safe-buffer/-/safe-buffer-5.1.2.tgz",
					"integrity": "sha512-Gd2UZBJDkXlY7GbJxfsE8/nvKkUEU1G38c1siN6QP6a9PT9MmHB8GnpscSmMJSoF8LOIrt8ud/wPtojys4G6+g=="
				},
				"set-immediate-shim": {
					"version": "1.0.1",
					"resolved": "https://registry.npmjs.org/set-immediate-shim/-/set-immediate-shim-1.0.1.tgz",
					"integrity": "sha1-SysbJ+uAip+NzEgaWOXlb1mfP2E="
				},
				"string_decoder": {
					"version": "1.1.1",
					"resolved": "http://nginx-redirector.repo-cache.svc.cluster.local/repository/appstudio-npm-group/string_decoder/-/string_decoder-1.1.1.tgz",
					"integrity": "sha512-n/ShnvDi6FHbbVfviro+WojiFzv+s8MPMHBczVePfUpDJLwoLT0ht1l4YwBCbi8pJAveEEdnkHyPyTP/mzRfwg==",
					"requires": {
						"safe-buffer": "~5.1.0"
					}
				},
				"util-deprecate": {
					"version": "1.0.2",
					"resolved": "http://nginx-redirector.repo-cache.svc.cluster.local/repository/appstudio-npm-group/util-deprecate/-/util-deprecate-1.0.2.tgz",
					"integrity": "sha1-RQ1Nyfpw3nMnYvvS1KKJgUGaDM8="
				},
				"wrappy": {
					"version": "1.0.2",
					"resolved": "http://nginx-redirector.repo-cache.svc.cluster.local/repository/appstudio-npm-group/wrappy/-/wrappy-1.0.2.tgz",
					"integrity": "sha1-tSQ9jz7BqjXxNkYFvA0QNuMKtp8="
				}
			}
		}
	}
}
